
Microsoft Visual Studio Solution File, Format Version 12.00
# Visual Studio 14
VisualStudioVersion = 14.0.24720.0
MinimumVisualStudioVersion = 10.0.40219.1
Project("{FAE04EC0-301F-11D3-BF4B-00C04F79EFBC}") = "sprpacker", "sprpacker.csproj", "{2C4A17AA-F7F1-4FEA-A3A0-5DE39356C7BD}"
EndProject
Project("{FAE04EC0-301F-11D3-BF4B-00C04F79EFBC}") = "sprpacker_test", "sprpacker_test\sprpacker_test.csproj", "{7A299A6F-779C-42C2-84DA-9DF77D5D5FB1}"
EndProject
Global
	GlobalSection(SolutionConfigurationPlatforms) = preSolution
		Debug|Any CPU = Debug|Any CPU
		Release|Any CPU = Release|Any CPU
	EndGlobalSection
	GlobalSection(ProjectConfigurationPlatforms) = postSolution
		{2C4A17AA-F7F1-4FEA-A3A0-5DE39356C7BD}.Debug|Any CPU.ActiveCfg = Debug|Any CPU
		{2C4A17AA-F7F1-4FEA-A3A0-5DE39356C7BD}.Debug|Any CPU.Build.0 = Debug|Any CPU
		{2C4A17AA-F7F1-4FEA-A3A0-5DE39356C7BD}.Release|Any CPU.ActiveCfg = Release|Any CPU
		{2C4A17AA-F7F1-4FEA-A3A0-5DE39356C7BD}.Release|Any CPU.Build.0 = Release|Any CPU
		{7A299A6F-779C-42C2-84DA-9DF77D5D5FB1}.Debug|Any CPU.ActiveCfg = Debug|Any CPU
		{7A299A6F-779C-42C2-84DA-9DF77D5D5FB1}.Debug|Any CPU.Build.0 = Debug|Any CPU
		{7A299A6F-779C-42C2-84DA-9DF77D5D5FB1}.Release|Any CPU.ActiveCfg = Release|Any CPU
		{7A299A6F-779C-42C2-84DA-9DF77D5D5FB1}.Release|Any CPU.Build.0 = Release|Any CPU
	EndGlobalSection
	GlobalSection(SolutionProperties) = preSolution
		HideSolutionNode = FALSE
	EndGlobalSection
EndGlobal
